// !$*UTF8*$!
{
	archiveVersion = 1;
	classes = {
	};
	objectVersion = 52;
	objects = {

/* Begin PBXBuildFile section */
		E22D2099235124D800C63B0A /* MovieDataViewModel.swift in Sources */ = {isa = PBXBuildFile; fileRef = E22D2098235124D800C63B0A /* MovieDataViewModel.swift */; };
		E22D209B23512AE800C63B0A /* MainContentView.swift in Sources */ = {isa = PBXBuildFile; fileRef = E22D209A23512AE800C63B0A /* MainContentView.swift */; };
		E22D209D2353B30B00C63B0A /* NowPlayingMovies.swift in Sources */ = {isa = PBXBuildFile; fileRef = E22D209C2353B30B00C63B0A /* NowPlayingMovies.swift */; };
		E239E15B22CEB1C600DF238F /* MoaDistrib.swift in Sources */ = {isa = PBXBuildFile; fileRef = E239E15A22CEB1C600DF238F /* MoaDistrib.swift */; };
		E2BFEC372356093400E59902 /* PopularMovies.swift in Sources */ = {isa = PBXBuildFile; fileRef = E2BFEC362356093400E59902 /* PopularMovies.swift */; };
		E2BFEC3923560AF100E59902 /* NowPlayingMovieDataModel.swift in Sources */ = {isa = PBXBuildFile; fileRef = E2BFEC3823560AF100E59902 /* NowPlayingMovieDataModel.swift */; };
		E2BFEC3B23560D6800E59902 /* TopRatedMovies.swift in Sources */ = {isa = PBXBuildFile; fileRef = E2BFEC3A23560D6800E59902 /* TopRatedMovies.swift */; };
		E2BFEC3D23560DF900E59902 /* TopRatedMoviesViewModel.swift in Sources */ = {isa = PBXBuildFile; fileRef = E2BFEC3C23560DF900E59902 /* TopRatedMoviesViewModel.swift */; };
		E2BFEC3F2356244F00E59902 /* UpcomingMoviesViewModel.swift in Sources */ = {isa = PBXBuildFile; fileRef = E2BFEC3E2356244F00E59902 /* UpcomingMoviesViewModel.swift */; };
		E2BFEC412356250800E59902 /* UpcomingMovies.swift in Sources */ = {isa = PBXBuildFile; fileRef = E2BFEC402356250800E59902 /* UpcomingMovies.swift */; };
		E2FB184222CB748A00B9FC91 /* AppDelegate.swift in Sources */ = {isa = PBXBuildFile; fileRef = E2FB184122CB748A00B9FC91 /* AppDelegate.swift */; };
		E2FB184422CB748A00B9FC91 /* SceneDelegate.swift in Sources */ = {isa = PBXBuildFile; fileRef = E2FB184322CB748A00B9FC91 /* SceneDelegate.swift */; };
		E2FB184822CB748D00B9FC91 /* Assets.xcassets in Resources */ = {isa = PBXBuildFile; fileRef = E2FB184722CB748D00B9FC91 /* Assets.xcassets */; };
		E2FB184B22CB748D00B9FC91 /* Preview Assets.xcassets in Resources */ = {isa = PBXBuildFile; fileRef = E2FB184A22CB748D00B9FC91 /* Preview Assets.xcassets */; };
		E2FB184E22CB748D00B9FC91 /* LaunchScreen.storyboard in Resources */ = {isa = PBXBuildFile; fileRef = E2FB184C22CB748D00B9FC91 /* LaunchScreen.storyboard */; };
		E2FB185722CB765600B9FC91 /* MovieDB.swift in Sources */ = {isa = PBXBuildFile; fileRef = E2FB185622CB765600B9FC91 /* MovieDB.swift */; };
		E2FB185A22CB79DA00B9FC91 /* Movies.swift in Sources */ = {isa = PBXBuildFile; fileRef = E2FB185922CB79DA00B9FC91 /* Movies.swift */; };
		E2FB185C22CBA1B800B9FC91 /* TestData.swift in Sources */ = {isa = PBXBuildFile; fileRef = E2FB185B22CBA1B800B9FC91 /* TestData.swift */; };
		E2FB186022CBD7ED00B9FC91 /* ImageView.swift in Sources */ = {isa = PBXBuildFile; fileRef = E2FB185F22CBD7ED00B9FC91 /* ImageView.swift */; };
		E2FB186222CC1B1200B9FC91 /* PosterView.swift in Sources */ = {isa = PBXBuildFile; fileRef = E2FB186122CC1B1100B9FC91 /* PosterView.swift */; };
		E2FB186422CD7D9B00B9FC91 /* MainView.swift in Sources */ = {isa = PBXBuildFile; fileRef = E2FB186322CD7D9B00B9FC91 /* MainView.swift */; };
/* End PBXBuildFile section */

/* Begin PBXFileReference section */
		E22D2098235124D800C63B0A /* MovieDataViewModel.swift */ = {isa = PBXFileReference; lastKnownFileType = sourcecode.swift; path = MovieDataViewModel.swift; sourceTree = "<group>"; };
		E22D209A23512AE800C63B0A /* MainContentView.swift */ = {isa = PBXFileReference; lastKnownFileType = sourcecode.swift; path = MainContentView.swift; sourceTree = "<group>"; };
		E22D209C2353B30B00C63B0A /* NowPlayingMovies.swift */ = {isa = PBXFileReference; lastKnownFileType = sourcecode.swift; path = NowPlayingMovies.swift; sourceTree = "<group>"; };
		E239E15A22CEB1C600DF238F /* MoaDistrib.swift */ = {isa = PBXFileReference; lastKnownFileType = sourcecode.swift; path = MoaDistrib.swift; sourceTree = "<group>"; };
		E2BFEC362356093400E59902 /* PopularMovies.swift */ = {isa = PBXFileReference; lastKnownFileType = sourcecode.swift; path = PopularMovies.swift; sourceTree = "<group>"; };
		E2BFEC3823560AF100E59902 /* NowPlayingMovieDataModel.swift */ = {isa = PBXFileReference; lastKnownFileType = sourcecode.swift; path = NowPlayingMovieDataModel.swift; sourceTree = "<group>"; };
		E2BFEC3A23560D6800E59902 /* TopRatedMovies.swift */ = {isa = PBXFileReference; lastKnownFileType = sourcecode.swift; path = TopRatedMovies.swift; sourceTree = "<group>"; };
		E2BFEC3C23560DF900E59902 /* TopRatedMoviesViewModel.swift */ = {isa = PBXFileReference; lastKnownFileType = sourcecode.swift; path = TopRatedMoviesViewModel.swift; sourceTree = "<group>"; };
		E2BFEC3E2356244F00E59902 /* UpcomingMoviesViewModel.swift */ = {isa = PBXFileReference; lastKnownFileType = sourcecode.swift; path = UpcomingMoviesViewModel.swift; sourceTree = "<group>"; };
		E2BFEC402356250800E59902 /* UpcomingMovies.swift */ = {isa = PBXFileReference; lastKnownFileType = sourcecode.swift; path = UpcomingMovies.swift; sourceTree = "<group>"; };
		E2FB183E22CB748A00B9FC91 /* MovieNight.app */ = {isa = PBXFileReference; explicitFileType = wrapper.application; includeInIndex = 0; path = MovieNight.app; sourceTree = BUILT_PRODUCTS_DIR; };
		E2FB184122CB748A00B9FC91 /* AppDelegate.swift */ = {isa = PBXFileReference; lastKnownFileType = sourcecode.swift; path = AppDelegate.swift; sourceTree = "<group>"; };
		E2FB184322CB748A00B9FC91 /* SceneDelegate.swift */ = {isa = PBXFileReference; lastKnownFileType = sourcecode.swift; path = SceneDelegate.swift; sourceTree = "<group>"; };
		E2FB184722CB748D00B9FC91 /* Assets.xcassets */ = {isa = PBXFileReference; lastKnownFileType = folder.assetcatalog; path = Assets.xcassets; sourceTree = "<group>"; };
		E2FB184A22CB748D00B9FC91 /* Preview Assets.xcassets */ = {isa = PBXFileReference; lastKnownFileType = folder.assetcatalog; path = "Preview Assets.xcassets"; sourceTree = "<group>"; };
		E2FB184D22CB748D00B9FC91 /* Base */ = {isa = PBXFileReference; lastKnownFileType = file.storyboard; name = Base; path = Base.lproj/LaunchScreen.storyboard; sourceTree = "<group>"; };
		E2FB184F22CB748D00B9FC91 /* Info.plist */ = {isa = PBXFileReference; lastKnownFileType = text.plist.xml; path = Info.plist; sourceTree = "<group>"; };
		E2FB185622CB765600B9FC91 /* MovieDB.swift */ = {isa = PBXFileReference; lastKnownFileType = sourcecode.swift; path = MovieDB.swift; sourceTree = "<group>"; };
		E2FB185922CB79DA00B9FC91 /* Movies.swift */ = {isa = PBXFileReference; lastKnownFileType = sourcecode.swift; path = Movies.swift; sourceTree = "<group>"; };
		E2FB185B22CBA1B800B9FC91 /* TestData.swift */ = {isa = PBXFileReference; lastKnownFileType = sourcecode.swift; path = TestData.swift; sourceTree = "<group>"; };
		E2FB185F22CBD7ED00B9FC91 /* ImageView.swift */ = {isa = PBXFileReference; lastKnownFileType = sourcecode.swift; path = ImageView.swift; sourceTree = "<group>"; };
		E2FB186122CC1B1100B9FC91 /* PosterView.swift */ = {isa = PBXFileReference; lastKnownFileType = sourcecode.swift; path = PosterView.swift; sourceTree = "<group>"; };
		E2FB186322CD7D9B00B9FC91 /* MainView.swift */ = {isa = PBXFileReference; lastKnownFileType = sourcecode.swift; path = MainView.swift; sourceTree = "<group>"; };
/* End PBXFileReference section */

/* Begin PBXFrameworksBuildPhase section */
		E2FB183B22CB748A00B9FC91 /* Frameworks */ = {
			isa = PBXFrameworksBuildPhase;
			buildActionMask = 2147483647;
			files = (
			);
			runOnlyForDeploymentPostprocessing = 0;
		};
/* End PBXFrameworksBuildPhase section */

/* Begin PBXGroup section */
		E2FB183522CB748A00B9FC91 = {
			isa = PBXGroup;
			children = (
				E2FB184022CB748A00B9FC91 /* MovieNight */,
				E2FB183F22CB748A00B9FC91 /* Products */,
			);
			sourceTree = "<group>";
		};
		E2FB183F22CB748A00B9FC91 /* Products */ = {
			isa = PBXGroup;
			children = (
				E2FB183E22CB748A00B9FC91 /* MovieNight.app */,
			);
			name = Products;
			sourceTree = "<group>";
		};
		E2FB184022CB748A00B9FC91 /* MovieNight */ = {
			isa = PBXGroup;
			children = (
				E2FB184122CB748A00B9FC91 /* AppDelegate.swift */,
				E2FB184322CB748A00B9FC91 /* SceneDelegate.swift */,
				E2FB185822CB79CB00B9FC91 /* Model */,
				E2FB185522CB749C00B9FC91 /* API */,
				E2FB186722CD800200B9FC91 /* View */,
				E2FB184722CB748D00B9FC91 /* Assets.xcassets */,
				E2FB184C22CB748D00B9FC91 /* LaunchScreen.storyboard */,
				E2FB184F22CB748D00B9FC91 /* Info.plist */,
				E2FB184922CB748D00B9FC91 /* Preview Content */,
				E2FB185B22CBA1B800B9FC91 /* TestData.swift */,
				E239E15A22CEB1C600DF238F /* MoaDistrib.swift */,
			);
			path = MovieNight;
			sourceTree = "<group>";
		};
		E2FB184922CB748D00B9FC91 /* Preview Content */ = {
			isa = PBXGroup;
			children = (
				E2FB184A22CB748D00B9FC91 /* Preview Assets.xcassets */,
			);
			path = "Preview Content";
			sourceTree = "<group>";
		};
		E2FB185522CB749C00B9FC91 /* API */ = {
			isa = PBXGroup;
			children = (
				E2FB185622CB765600B9FC91 /* MovieDB.swift */,
			);
			path = API;
			sourceTree = "<group>";
		};
		E2FB185822CB79CB00B9FC91 /* Model */ = {
			isa = PBXGroup;
			children = (
				E2FB185922CB79DA00B9FC91 /* Movies.swift */,
				E22D2098235124D800C63B0A /* MovieDataViewModel.swift */,
				E2BFEC3823560AF100E59902 /* NowPlayingMovieDataModel.swift */,
				E2BFEC3C23560DF900E59902 /* TopRatedMoviesViewModel.swift */,
				E2BFEC3E2356244F00E59902 /* UpcomingMoviesViewModel.swift */,
			);
			path = Model;
			sourceTree = "<group>";
		};
		E2FB186722CD800200B9FC91 /* View */ = {
			isa = PBXGroup;
			children = (
				E2FB186322CD7D9B00B9FC91 /* MainView.swift */,
				E2FB185F22CBD7ED00B9FC91 /* ImageView.swift */,
				E2FB186122CC1B1100B9FC91 /* PosterView.swift */,
				E22D209A23512AE800C63B0A /* MainContentView.swift */,
				E22D209C2353B30B00C63B0A /* NowPlayingMovies.swift */,
				E2BFEC362356093400E59902 /* PopularMovies.swift */,
				E2BFEC3A23560D6800E59902 /* TopRatedMovies.swift */,
				E2BFEC402356250800E59902 /* UpcomingMovies.swift */,
			);
			path = View;
			sourceTree = "<group>";
		};
/* End PBXGroup section */

/* Begin PBXNativeTarget section */
		E2FB183D22CB748A00B9FC91 /* MovieNight */ = {
			isa = PBXNativeTarget;
			buildConfigurationList = E2FB185222CB748D00B9FC91 /* Build configuration list for PBXNativeTarget "MovieNight" */;
			buildPhases = (
				E2FB183A22CB748A00B9FC91 /* Sources */,
				E2FB183B22CB748A00B9FC91 /* Frameworks */,
				E2FB183C22CB748A00B9FC91 /* Resources */,
			);
			buildRules = (
			);
			dependencies = (
			);
			name = MovieNight;
			packageProductDependencies = (
			);
			productName = MovieNight;
			productReference = E2FB183E22CB748A00B9FC91 /* MovieNight.app */;
			productType = "com.apple.product-type.application";
		};
/* End PBXNativeTarget section */

/* Begin PBXProject section */
		E2FB183622CB748A00B9FC91 /* Project object */ = {
			isa = PBXProject;
			attributes = {
				LastSwiftUpdateCheck = 1100;
				LastUpgradeCheck = 1100;
				ORGANIZATIONNAME = "Tanveer Bashir";
				TargetAttributes = {
					E2FB183D22CB748A00B9FC91 = {
						CreatedOnToolsVersion = 11.0;
					};
				};
			};
			buildConfigurationList = E2FB183922CB748A00B9FC91 /* Build configuration list for PBXProject "MovieNight" */;
			compatibilityVersion = "Xcode 9.3";
			developmentRegion = en;
			hasScannedForEncodings = 0;
			knownRegions = (
				en,
				Base,
			);
			mainGroup = E2FB183522CB748A00B9FC91;
			packageReferences = (
				E22D20A123556A1500C63B0A /* XCRemoteSwiftPackageReference "Alamofire" */,
			);
			productRefGroup = E2FB183F22CB748A00B9FC91 /* Products */;
			projectDirPath = "";
			projectRoot = "";
			targets = (
				E2FB183D22CB748A00B9FC91 /* MovieNight */,
			);
		};
/* End PBXProject section */

/* Begin PBXResourcesBuildPhase section */
		E2FB183C22CB748A00B9FC91 /* Resources */ = {
			isa = PBXResourcesBuildPhase;
			buildActionMask = 2147483647;
			files = (
				E2FB184E22CB748D00B9FC91 /* LaunchScreen.storyboard in Resources */,
				E2FB184B22CB748D00B9FC91 /* Preview Assets.xcassets in Resources */,
				E2FB184822CB748D00B9FC91 /* Assets.xcassets in Resources */,
			);
			runOnlyForDeploymentPostprocessing = 0;
		};
/* End PBXResourcesBuildPhase section */

/* Begin PBXSourcesBuildPhase section */
		E2FB183A22CB748A00B9FC91 /* Sources */ = {
			isa = PBXSourcesBuildPhase;
			buildActionMask = 2147483647;
			files = (
				E2FB186022CBD7ED00B9FC91 /* ImageView.swift in Sources */,
				E2FB185A22CB79DA00B9FC91 /* Movies.swift in Sources */,
				E22D209B23512AE800C63B0A /* MainContentView.swift in Sources */,
				E2FB184222CB748A00B9FC91 /* AppDelegate.swift in Sources */,
				E2BFEC412356250800E59902 /* UpcomingMovies.swift in Sources */,
				E2BFEC372356093400E59902 /* PopularMovies.swift in Sources */,
				E239E15B22CEB1C600DF238F /* MoaDistrib.swift in Sources */,
				E2BFEC3B23560D6800E59902 /* TopRatedMovies.swift in Sources */,
				E2FB186422CD7D9B00B9FC91 /* MainView.swift in Sources */,
				E2FB184422CB748A00B9FC91 /* SceneDelegate.swift in Sources */,
				E2BFEC3F2356244F00E59902 /* UpcomingMoviesViewModel.swift in Sources */,
				E2BFEC3923560AF100E59902 /* NowPlayingMovieDataModel.swift in Sources */,
				E2BFEC3D23560DF900E59902 /* TopRatedMoviesViewModel.swift in Sources */,
				E2FB185C22CBA1B800B9FC91 /* TestData.swift in Sources */,
				E22D209D2353B30B00C63B0A /* NowPlayingMovies.swift in Sources */,
				E2FB185722CB765600B9FC91 /* MovieDB.swift in Sources */,
				E2FB186222CC1B1200B9FC91 /* PosterView.swift in Sources */,
				E22D2099235124D800C63B0A /* MovieDataViewModel.swift in Sources */,
			);
			runOnlyForDeploymentPostprocessing = 0;
		};
/* End PBXSourcesBuildPhase section */

/* Begin PBXVariantGroup section */
		E2FB184C22CB748D00B9FC91 /* LaunchScreen.storyboard */ = {
			isa = PBXVariantGroup;
			children = (
				E2FB184D22CB748D00B9FC91 /* Base */,
			);
			name = LaunchScreen.storyboard;
			sourceTree = "<group>";
		};
/* End PBXVariantGroup section */

/* Begin XCBuildConfiguration section */
		E2FB185022CB748D00B9FC91 /* Debug */ = {
			isa = XCBuildConfiguration;
			buildSettings = {
				ALWAYS_SEARCH_USER_PATHS = NO;
				CLANG_ANALYZER_NONNULL = YES;
				CLANG_ANALYZER_NUMBER_OBJECT_CONVERSION = YES_AGGRESSIVE;
				CLANG_CXX_LANGUAGE_STANDARD = "gnu++14";
				CLANG_CXX_LIBRARY = "libc++";
				CLANG_ENABLE_MODULES = YES;
				CLANG_ENABLE_OBJC_ARC = YES;
				CLANG_ENABLE_OBJC_WEAK = YES;
				CLANG_WARN_BLOCK_CAPTURE_AUTORELEASING = YES;
				CLANG_WARN_BOOL_CONVERSION = YES;
				CLANG_WARN_COMMA = YES;
				CLANG_WARN_CONSTANT_CONVERSION = YES;
				CLANG_WARN_DEPRECATED_OBJC_IMPLEMENTATIONS = YES;
				CLANG_WARN_DIRECT_OBJC_ISA_USAGE = YES_ERROR;
				CLANG_WARN_DOCUMENTATION_COMMENTS = YES;
				CLANG_WARN_EMPTY_BODY = YES;
				CLANG_WARN_ENUM_CONVERSION = YES;
				CLANG_WARN_INFINITE_RECURSION = YES;
				CLANG_WARN_INT_CONVERSION = YES;
				CLANG_WARN_NON_LITERAL_NULL_CONVERSION = YES;
				CLANG_WARN_OBJC_IMPLICIT_RETAIN_SELF = YES;
				CLANG_WARN_OBJC_LITERAL_CONVERSION = YES;
				CLANG_WARN_OBJC_ROOT_CLASS = YES_ERROR;
				CLANG_WARN_RANGE_LOOP_ANALYSIS = YES;
				CLANG_WARN_STRICT_PROTOTYPES = YES;
				CLANG_WARN_SUSPICIOUS_MOVE = YES;
				CLANG_WARN_UNGUARDED_AVAILABILITY = YES_AGGRESSIVE;
				CLANG_WARN_UNREACHABLE_CODE = YES;
				CLANG_WARN__DUPLICATE_METHOD_MATCH = YES;
				COPY_PHASE_STRIP = NO;
				DEBUG_INFORMATION_FORMAT = dwarf;
				ENABLE_STRICT_OBJC_MSGSEND = YES;
				ENABLE_TESTABILITY = YES;
				GCC_C_LANGUAGE_STANDARD = gnu11;
				GCC_DYNAMIC_NO_PIC = NO;
				GCC_NO_COMMON_BLOCKS = YES;
				GCC_OPTIMIZATION_LEVEL = 0;
				GCC_PREPROCESSOR_DEFINITIONS = (
					"DEBUG=1",
					"$(inherited)",
				);
				GCC_WARN_64_TO_32_BIT_CONVERSION = YES;
				GCC_WARN_ABOUT_RETURN_TYPE = YES_ERROR;
				GCC_WARN_UNDECLARED_SELECTOR = YES;
				GCC_WARN_UNINITIALIZED_AUTOS = YES_AGGRESSIVE;
				GCC_WARN_UNUSED_FUNCTION = YES;
				GCC_WARN_UNUSED_VARIABLE = YES;
				IPHONEOS_DEPLOYMENT_TARGET = 13.0;
				MTL_ENABLE_DEBUG_INFO = INCLUDE_SOURCE;
				MTL_FAST_MATH = YES;
				ONLY_ACTIVE_ARCH = YES;
				SDKROOT = iphoneos;
				SWIFT_ACTIVE_COMPILATION_CONDITIONS = DEBUG;
				SWIFT_OPTIMIZATION_LEVEL = "-Onone";
			};
			name = Debug;
		};
		E2FB185122CB748D00B9FC91 /* Release */ = {
			isa = XCBuildConfiguration;
			buildSettings = {
				ALWAYS_SEARCH_USER_PATHS = NO;
				CLANG_ANALYZER_NONNULL = YES;
				CLANG_ANALYZER_NUMBER_OBJECT_CONVERSION = YES_AGGRESSIVE;
				CLANG_CXX_LANGUAGE_STANDARD = "gnu++14";
				CLANG_CXX_LIBRARY = "libc++";
				CLANG_ENABLE_MODULES = YES;
				CLANG_ENABLE_OBJC_ARC = YES;
				CLANG_ENABLE_OBJC_WEAK = YES;
				CLANG_WARN_BLOCK_CAPTURE_AUTORELEASING = YES;
				CLANG_WARN_BOOL_CONVERSION = YES;
				CLANG_WARN_COMMA = YES;
				CLANG_WARN_CONSTANT_CONVERSION = YES;
				CLANG_WARN_DEPRECATED_OBJC_IMPLEMENTATIONS = YES;
				CLANG_WARN_DIRECT_OBJC_ISA_USAGE = YES_ERROR;
				CLANG_WARN_DOCUMENTATION_COMMENTS = YES;
				CLANG_WARN_EMPTY_BODY = YES;
				CLANG_WARN_ENUM_CONVERSION = YES;
				CLANG_WARN_INFINITE_RECURSION = YES;
				CLANG_WARN_INT_CONVERSION = YES;
				CLANG_WARN_NON_LITERAL_NULL_CONVERSION = YES;
				CLANG_WARN_OBJC_IMPLICIT_RETAIN_SELF = YES;
				CLANG_WARN_OBJC_LITERAL_CONVERSION = YES;
				CLANG_WARN_OBJC_ROOT_CLASS = YES_ERROR;
				CLANG_WARN_RANGE_LOOP_ANALYSIS = YES;
				CLANG_WARN_STRICT_PROTOTYPES = YES;
				CLANG_WARN_SUSPICIOUS_MOVE = YES;
				CLANG_WARN_UNGUARDED_AVAILABILITY = YES_AGGRESSIVE;
				CLANG_WARN_UNREACHABLE_CODE = YES;
				CLANG_WARN__DUPLICATE_METHOD_MATCH = YES;
				COPY_PHASE_STRIP = NO;
				DEBUG_INFORMATION_FORMAT = "dwarf-with-dsym";
				ENABLE_NS_ASSERTIONS = NO;
				ENABLE_STRICT_OBJC_MSGSEND = YES;
				GCC_C_LANGUAGE_STANDARD = gnu11;
				GCC_NO_COMMON_BLOCKS = YES;
				GCC_WARN_64_TO_32_BIT_CONVERSION = YES;
				GCC_WARN_ABOUT_RETURN_TYPE = YES_ERROR;
				GCC_WARN_UNDECLARED_SELECTOR = YES;
				GCC_WARN_UNINITIALIZED_AUTOS = YES_AGGRESSIVE;
				GCC_WARN_UNUSED_FUNCTION = YES;
				GCC_WARN_UNUSED_VARIABLE = YES;
				IPHONEOS_DEPLOYMENT_TARGET = 13.0;
				MTL_ENABLE_DEBUG_INFO = NO;
				MTL_FAST_MATH = YES;
				SDKROOT = iphoneos;
				SWIFT_COMPILATION_MODE = wholemodule;
				SWIFT_OPTIMIZATION_LEVEL = "-O";
				VALIDATE_PRODUCT = YES;
			};
			name = Release;
		};
		E2FB185322CB748D00B9FC91 /* Debug */ = {
			isa = XCBuildConfiguration;
			buildSettings = {
				ASSETCATALOG_COMPILER_APPICON_NAME = AppIcon;
				CODE_SIGN_STYLE = Automatic;
				DEVELOPMENT_ASSET_PATHS = "MovieNight/Preview\\ Content";
				DEVELOPMENT_TEAM = 7GZ4GZQ8G6;
				ENABLE_PREVIEWS = YES;
				INFOPLIST_FILE = MovieNight/Info.plist;
				LD_RUNPATH_SEARCH_PATHS = (
					"$(inherited)",
					"@executable_path/Frameworks",
				);
				PRODUCT_BUNDLE_IDENTIFIER = com.tanveerbashir.MovieNight;
				PRODUCT_NAME = "$(TARGET_NAME)";
				SWIFT_VERSION = 5.0;
				TARGETED_DEVICE_FAMILY = "1,2";
			};
			name = Debug;
		};
		E2FB185422CB748D00B9FC91 /* Release */ = {
			isa = XCBuildConfiguration;
			buildSettings = {
				ASSETCATALOG_COMPILER_APPICON_NAME = AppIcon;
				CODE_SIGN_STYLE = Automatic;
				DEVELOPMENT_ASSET_PATHS = "MovieNight/Preview\\ Content";
				DEVELOPMENT_TEAM = 7GZ4GZQ8G6;
				ENABLE_PREVIEWS = YES;
				INFOPLIST_FILE = MovieNight/Info.plist;
				LD_RUNPATH_SEARCH_PATHS = (
					"$(inherited)",
					"@executable_path/Frameworks",
				);
				PRODUCT_BUNDLE_IDENTIFIER = com.tanveerbashir.MovieNight;
				PRODUCT_NAME = "$(TARGET_NAME)";
				SWIFT_VERSION = 5.0;
				TARGETED_DEVICE_FAMILY = "1,2";
			};
			name = Release;
		};
/* End XCBuildConfiguration section */

/* Begin XCConfigurationList section */
		E2FB183922CB748A00B9FC91 /* Build configuration list for PBXProject "MovieNight" */ = {
			isa = XCConfigurationList;
			buildConfigurations = (
				E2FB185022CB748D00B9FC91 /* Debug */,
				E2FB185122CB748D00B9FC91 /* Release */,
			);
			defaultConfigurationIsVisible = 0;
			defaultConfigurationName = Release;
		};
		E2FB185222CB748D00B9FC91 /* Build configuration list for PBXNativeTarget "MovieNight" */ = {
			isa = XCConfigurationList;
			buildConfigurations = (
				E2FB185322CB748D00B9FC91 /* Debug */,
				E2FB185422CB748D00B9FC91 /* Release */,
			);
			defaultConfigurationIsVisible = 0;
			defaultConfigurationName = Release;
		};
/* End XCConfigurationList section */

/* Begin XCRemoteSwiftPackageReference section */
		E22D20A123556A1500C63B0A /* XCRemoteSwiftPackageReference "Alamofire" */ = {
			isa = XCRemoteSwiftPackageReference;
			repositoryURL = "https://github.com/Alamofire/Alamofire.git";
			requirement = {
				kind = upToNextMajorVersion;
				minimumVersion = 4.9.0;
			};
		};
/* End XCRemoteSwiftPackageReference section */
	};
	rootObject = E2FB183622CB748A00B9FC91 /* Project object */;
}
